lockfileVersion: 5.3

specifiers:
  cnd: 9.2.2
  guy-test: 4.1.0
  intertype: 7.6.7

dependencies:
  cnd: 9.2.2
  intertype: 7.6.7

devDependencies:
  guy-test: 4.1.0

packages:

  /async/3.2.0:
    resolution: {integrity: sha512-TR2mEZFVOj2pLStYxLht7TyfuRzaydfpxr3k9RpHIzMgw7A64dzsdqCxH1WJyQdoe8T10nDXd9wnEigmiuHIZw==}
    dev: true

  /cnd/9.2.2:
    resolution: {integrity: sha512-F+/H+7luk4fZkvN0+MT0I2nwn80YM/EtfMttNUFxENR50XJH4g0KgQevzeyEJ8B6t6l8Tb4Xti6QAksa8DmePA==}
    hasBin: true
    dependencies:
      jsx-number-format: 0.1.4

  /guy-test/4.1.0:
    resolution: {integrity: sha512-SlqymC5lfTdGREzAJN00ZDVmZy9lytHLyTAewZptOmyxA0ux7dHpVUM6rbjkWkmnYlH+01d4McBeiyjYV7wcPw==}
    dependencies:
      async: 3.2.0
      cnd: 9.2.2
      intertype: 7.6.7
    dev: true

  /intertype/7.6.7:
    resolution: {integrity: sha512-vBgYabqxX3fLa9f0Z3QeXgYszadAGdAHXdLcdQc5ZxZSG5CmbJCdYcudZLYtgmNo8epQag8zzyg7wwx+OD5J8g==}
    dependencies:
      multimix: 5.0.0

  /jsx-number-format/0.1.4:
    resolution: {integrity: sha512-uPc/Q90XqZoRE7Cu1OLFQB2cSrA2Dy8+okzPOtML8vbagNFDSipbndIPme+q0odBjEhL+wf3WH3Wo52was4Tsg==}

  /multimix/5.0.0:
    resolution: {integrity: sha512-N9cdGSDDD7kxOV7R6e4iZqsHTZ4F4iiSDWqMcVqx4gEH6HBtRXav39Gj3fgT1YqvBcwPCQuf0Oa5R2cDaLWK8A==}
